// !$*UTF8*$!
{
	archiveVersion = 1;
	classes = {
	};
	objectVersion = 55;
	objects = {

/* Begin PBXBuildFile section */
		696974632AE34CEB0096CE65 /* ___RecipeAppApp.swift in Sources */ = {isa = PBXBuildFile; fileRef = 696974622AE34CEB0096CE65 /* ___RecipeAppApp.swift */; };
		696974652AE34CEB0096CE65 /* ContentView.swift in Sources */ = {isa = PBXBuildFile; fileRef = 696974642AE34CEB0096CE65 /* ContentView.swift */; };
		696974672AE34CED0096CE65 /* Assets.xcassets in Resources */ = {isa = PBXBuildFile; fileRef = 696974662AE34CED0096CE65 /* Assets.xcassets */; };
		6969746A2AE34CED0096CE65 /* Preview Assets.xcassets in Resources */ = {isa = PBXBuildFile; fileRef = 696974692AE34CED0096CE65 /* Preview Assets.xcassets */; };
		696974742AE34CEE0096CE65 /* ___RecipeAppTests.swift in Sources */ = {isa = PBXBuildFile; fileRef = 696974732AE34CEE0096CE65 /* ___RecipeAppTests.swift */; };
		6969747E2AE34CEE0096CE65 /* ___RecipeAppUITests.swift in Sources */ = {isa = PBXBuildFile; fileRef = 6969747D2AE34CEE0096CE65 /* ___RecipeAppUITests.swift */; };
		696974802AE34CEE0096CE65 /* ___RecipeAppUITestsLaunchTests.swift in Sources */ = {isa = PBXBuildFile; fileRef = 6969747F2AE34CEE0096CE65 /* ___RecipeAppUITestsLaunchTests.swift */; };
		6969748D2AE355030096CE65 /* JSON.swift in Sources */ = {isa = PBXBuildFile; fileRef = 6969748C2AE355030096CE65 /* JSON.swift */; };
/* End PBXBuildFile section */

/* Begin PBXContainerItemProxy section */
		696974702AE34CEE0096CE65 /* PBXContainerItemProxy */ = {
			isa = PBXContainerItemProxy;
			containerPortal = 696974572AE34CEA0096CE65 /* Project object */;
			proxyType = 1;
			remoteGlobalIDString = 6969745E2AE34CEB0096CE65;
			remoteInfo = "4- RecipeApp";
		};
		6969747A2AE34CEE0096CE65 /* PBXContainerItemProxy */ = {
			isa = PBXContainerItemProxy;
			containerPortal = 696974572AE34CEA0096CE65 /* Project object */;
			proxyType = 1;
			remoteGlobalIDString = 6969745E2AE34CEB0096CE65;
			remoteInfo = "4- RecipeApp";
		};
/* End PBXContainerItemProxy section */

/* Begin PBXFileReference section */
		6969745F2AE34CEB0096CE65 /* 4- RecipeApp.app */ = {isa = PBXFileReference; explicitFileType = wrapper.application; includeInIndex = 0; path = "4- RecipeApp.app"; sourceTree = BUILT_PRODUCTS_DIR; };
		696974622AE34CEB0096CE65 /* ___RecipeAppApp.swift */ = {isa = PBXFileReference; lastKnownFileType = sourcecode.swift; path = "___RecipeAppApp.swift"; sourceTree = "<group>"; };
		696974642AE34CEB0096CE65 /* ContentView.swift */ = {isa = PBXFileReference; lastKnownFileType = sourcecode.swift; path = ContentView.swift; sourceTree = "<group>"; };
		696974662AE34CED0096CE65 /* Assets.xcassets */ = {isa = PBXFileReference; lastKnownFileType = folder.assetcatalog; path = Assets.xcassets; sourceTree = "<group>"; };
		696974692AE34CED0096CE65 /* Preview Assets.xcassets */ = {isa = PBXFileReference; lastKnownFileType = folder.assetcatalog; path = "Preview Assets.xcassets"; sourceTree = "<group>"; };
		6969746F2AE34CEE0096CE65 /* 4- RecipeAppTests.xctest */ = {isa = PBXFileReference; explicitFileType = wrapper.cfbundle; includeInIndex = 0; path = "4- RecipeAppTests.xctest"; sourceTree = BUILT_PRODUCTS_DIR; };
		696974732AE34CEE0096CE65 /* ___RecipeAppTests.swift */ = {isa = PBXFileReference; lastKnownFileType = sourcecode.swift; path = "___RecipeAppTests.swift"; sourceTree = "<group>"; };
		696974792AE34CEE0096CE65 /* 4- RecipeAppUITests.xctest */ = {isa = PBXFileReference; explicitFileType = wrapper.cfbundle; includeInIndex = 0; path = "4- RecipeAppUITests.xctest"; sourceTree = BUILT_PRODUCTS_DIR; };
		6969747D2AE34CEE0096CE65 /* ___RecipeAppUITests.swift */ = {isa = PBXFileReference; lastKnownFileType = sourcecode.swift; path = "___RecipeAppUITests.swift"; sourceTree = "<group>"; };
		6969747F2AE34CEE0096CE65 /* ___RecipeAppUITestsLaunchTests.swift */ = {isa = PBXFileReference; lastKnownFileType = sourcecode.swift; path = "___RecipeAppUITestsLaunchTests.swift"; sourceTree = "<group>"; };
		6969748C2AE355030096CE65 /* JSON.swift */ = {isa = PBXFileReference; lastKnownFileType = sourcecode.swift; path = JSON.swift; sourceTree = "<group>"; };
/* End PBXFileReference section */

/* Begin PBXFrameworksBuildPhase section */
		6969745C2AE34CEB0096CE65 /* Frameworks */ = {
			isa = PBXFrameworksBuildPhase;
			buildActionMask = 2147483647;
			files = (
			);
			runOnlyForDeploymentPostprocessing = 0;
		};
		6969746C2AE34CEE0096CE65 /* Frameworks */ = {
			isa = PBXFrameworksBuildPhase;
			buildActionMask = 2147483647;
			files = (
			);
			runOnlyForDeploymentPostprocessing = 0;
		};
		696974762AE34CEE0096CE65 /* Frameworks */ = {
			isa = PBXFrameworksBuildPhase;
			buildActionMask = 2147483647;
			files = (
			);
			runOnlyForDeploymentPostprocessing = 0;
		};
/* End PBXFrameworksBuildPhase section */

/* Begin PBXGroup section */
		696974562AE34CEA0096CE65 = {
			isa = PBXGroup;
			children = (
				696974612AE34CEB0096CE65 /* 4- RecipeApp */,
				696974722AE34CEE0096CE65 /* 4- RecipeAppTests */,
				6969747C2AE34CEE0096CE65 /* 4- RecipeAppUITests */,
				696974602AE34CEB0096CE65 /* Products */,
			);
			sourceTree = "<group>";
		};
		696974602AE34CEB0096CE65 /* Products */ = {
			isa = PBXGroup;
			children = (
				6969745F2AE34CEB0096CE65 /* 4- RecipeApp.app */,
				6969746F2AE34CEE0096CE65 /* 4- RecipeAppTests.xctest */,
				696974792AE34CEE0096CE65 /* 4- RecipeAppUITests.xctest */,
			);
			name = Products;
			sourceTree = "<group>";
		};
		696974612AE34CEB0096CE65 /* 4- RecipeApp */ = {
			isa = PBXGroup;
			children = (
				696974622AE34CEB0096CE65 /* ___RecipeAppApp.swift */,
				696974642AE34CEB0096CE65 /* ContentView.swift */,
				696974662AE34CED0096CE65 /* Assets.xcassets */,
				696974682AE34CED0096CE65 /* Preview Content */,
				6969748C2AE355030096CE65 /* JSON.swift */,
			);
			path = "4- RecipeApp";
			sourceTree = "<group>";
		};
		696974682AE34CED0096CE65 /* Preview Content */ = {
			isa = PBXGroup;
			children = (
				696974692AE34CED0096CE65 /* Preview Assets.xcassets */,
			);
			path = "Preview Content";
			sourceTree = "<group>";
		};
		696974722AE34CEE0096CE65 /* 4- RecipeAppTests */ = {
			isa = PBXGroup;
			children = (
				696974732AE34CEE0096CE65 /* ___RecipeAppTests.swift */,
			);
			path = "4- RecipeAppTests";
			sourceTree = "<group>";
		};
		6969747C2AE34CEE0096CE65 /* 4- RecipeAppUITests */ = {
			isa = PBXGroup;
			children = (
				6969747D2AE34CEE0096CE65 /* ___RecipeAppUITests.swift */,
				6969747F2AE34CEE0096CE65 /* ___RecipeAppUITestsLaunchTests.swift */,
			);
			path = "4- RecipeAppUITests";
			sourceTree = "<group>";
		};
/* End PBXGroup section */

/* Begin PBXNativeTarget section */
		6969745E2AE34CEB0096CE65 /* 4- RecipeApp */ = {
			isa = PBXNativeTarget;
			buildConfigurationList = 696974832AE34CEE0096CE65 /* Build configuration list for PBXNativeTarget "4- RecipeApp" */;
			buildPhases = (
				6969745B2AE34CEB0096CE65 /* Sources */,
				6969745C2AE34CEB0096CE65 /* Frameworks */,
				6969745D2AE34CEB0096CE65 /* Resources */,
			);
			buildRules = (
			);
			dependencies = (
			);
			name = "4- RecipeApp";
			productName = "4- RecipeApp";
			productReference = 6969745F2AE34CEB0096CE65 /* 4- RecipeApp.app */;
			productType = "com.apple.product-type.application";
		};
		6969746E2AE34CEE0096CE65 /* 4- RecipeAppTests */ = {
			isa = PBXNativeTarget;
			buildConfigurationList = 696974862AE34CEE0096CE65 /* Build configuration list for PBXNativeTarget "4- RecipeAppTests" */;
			buildPhases = (
				6969746B2AE34CEE0096CE65 /* Sources */,
				6969746C2AE34CEE0096CE65 /* Frameworks */,
				6969746D2AE34CEE0096CE65 /* Resources */,
			);
			buildRules = (
			);
			dependencies = (
				696974712AE34CEE0096CE65 /* PBXTargetDependency */,
			);
			name = "4- RecipeAppTests";
			productName = "4- RecipeAppTests";
			productReference = 6969746F2AE34CEE0096CE65 /* 4- RecipeAppTests.xctest */;
			productType = "com.apple.product-type.bundle.unit-test";
		};
		696974782AE34CEE0096CE65 /* 4- RecipeAppUITests */ = {
			isa = PBXNativeTarget;
			buildConfigurationList = 696974892AE34CEE0096CE65 /* Build configuration list for PBXNativeTarget "4- RecipeAppUITests" */;
			buildPhases = (
				696974752AE34CEE0096CE65 /* Sources */,
				696974762AE34CEE0096CE65 /* Frameworks */,
				696974772AE34CEE0096CE65 /* Resources */,
			);
			buildRules = (
			);
			dependencies = (
				6969747B2AE34CEE0096CE65 /* PBXTargetDependency */,
			);
			name = "4- RecipeAppUITests";
			productName = "4- RecipeAppUITests";
			productReference = 696974792AE34CEE0096CE65 /* 4- RecipeAppUITests.xctest */;
			productType = "com.apple.product-type.bundle.ui-testing";
		};
/* End PBXNativeTarget section */

/* Begin PBXProject section */
		696974572AE34CEA0096CE65 /* Project object */ = {
			isa = PBXProject;
			attributes = {
				BuildIndependentTargetsInParallel = 1;
				LastSwiftUpdateCheck = 1330;
				LastUpgradeCheck = 1330;
				TargetAttributes = {
					6969745E2AE34CEB0096CE65 = {
						CreatedOnToolsVersion = 13.3;
					};
					6969746E2AE34CEE0096CE65 = {
						CreatedOnToolsVersion = 13.3;
						TestTargetID = 6969745E2AE34CEB0096CE65;
					};
					696974782AE34CEE0096CE65 = {
						CreatedOnToolsVersion = 13.3;
						TestTargetID = 6969745E2AE34CEB0096CE65;
					};
				};
			};
			buildConfigurationList = 6969745A2AE34CEA0096CE65 /* Build configuration list for PBXProject "4- RecipeApp" */;
			compatibilityVersion = "Xcode 13.0";
			developmentRegion = en;
			hasScannedForEncodings = 0;
			knownRegions = (
				en,
				Base,
			);
			mainGroup = 696974562AE34CEA0096CE65;
			productRefGroup = 696974602AE34CEB0096CE65 /* Products */;
			projectDirPath = "";
			projectRoot = "";
			targets = (
				6969745E2AE34CEB0096CE65 /* 4- RecipeApp */,
				6969746E2AE34CEE0096CE65 /* 4- RecipeAppTests */,
				696974782AE34CEE0096CE65 /* 4- RecipeAppUITests */,
			);
		};
/* End PBXProject section */

/* Begin PBXResourcesBuildPhase section */
		6969745D2AE34CEB0096CE65 /* Resources */ = {
			isa = PBXResourcesBuildPhase;
			buildActionMask = 2147483647;
			files = (
				6969746A2AE34CED0096CE65 /* Preview Assets.xcassets in Resources */,
				696974672AE34CED0096CE65 /* Assets.xcassets in Resources */,
			);
			runOnlyForDeploymentPostprocessing = 0;
		};
		6969746D2AE34CEE0096CE65 /* Resources */ = {
			isa = PBXResourcesBuildPhase;
			buildActionMask = 2147483647;
			files = (
			);
			runOnlyForDeploymentPostprocessing = 0;
		};
		696974772AE34CEE0096CE65 /* Resources */ = {
			isa = PBXResourcesBuildPhase;
			buildActionMask = 2147483647;
			files = (
			);
			runOnlyForDeploymentPostprocessing = 0;
		};
/* End PBXResourcesBuildPhase section */

/* Begin PBXSourcesBuildPhase section */
		6969745B2AE34CEB0096CE65 /* Sources */ = {
			isa = PBXSourcesBuildPhase;
			buildActionMask = 2147483647;
			files = (
				6969748D2AE355030096CE65 /* JSON.swift in Sources */,
				696974652AE34CEB0096CE65 /* ContentView.swift in Sources */,
				696974632AE34CEB0096CE65 /* ___RecipeAppApp.swift in Sources */,
			);
			runOnlyForDeploymentPostprocessing = 0;
		};
		6969746B2AE34CEE0096CE65 /* Sources */ = {
			isa = PBXSourcesBuildPhase;
			buildActionMask = 2147483647;
			files = (
				696974742AE34CEE0096CE65 /* ___RecipeAppTests.swift in Sources */,
			);
			runOnlyForDeploymentPostprocessing = 0;
		};
		696974752AE34CEE0096CE65 /* Sources */ = {
			isa = PBXSourcesBuildPhase;
			buildActionMask = 2147483647;
			files = (
				696974802AE34CEE0096CE65 /* ___RecipeAppUITestsLaunchTests.swift in Sources */,
				6969747E2AE34CEE0096CE65 /* ___RecipeAppUITests.swift in Sources */,
			);
			runOnlyForDeploymentPostprocessing = 0;
		};
/* End PBXSourcesBuildPhase section */

/* Begin PBXTargetDependency section */
		696974712AE34CEE0096CE65 /* PBXTargetDependency */ = {
			isa = PBXTargetDependency;
			target = 6969745E2AE34CEB0096CE65 /* 4- RecipeApp */;
			targetProxy = 696974702AE34CEE0096CE65 /* PBXContainerItemProxy */;
		};
		6969747B2AE34CEE0096CE65 /* PBXTargetDependency */ = {
			isa = PBXTargetDependency;
			target = 6969745E2AE34CEB0096CE65 /* 4- RecipeApp */;
			targetProxy = 6969747A2AE34CEE0096CE65 /* PBXContainerItemProxy */;
		};
/* End PBXTargetDependency section */

/* Begin XCBuildConfiguration section */
		696974812AE34CEE0096CE65 /* Debug */ = {
			isa = XCBuildConfiguration;
			buildSettings = {
				ALWAYS_SEARCH_USER_PATHS = NO;
				CLANG_ANALYZER_NONNULL = YES;
				CLANG_ANALYZER_NUMBER_OBJECT_CONVERSION = YES_AGGRESSIVE;
				CLANG_CXX_LANGUAGE_STANDARD = "gnu++17";
				CLANG_ENABLE_MODULES = YES;
				CLANG_ENABLE_OBJC_ARC = YES;
				CLANG_ENABLE_OBJC_WEAK = YES;
				CLANG_WARN_BLOCK_CAPTURE_AUTORELEASING = YES;
				CLANG_WARN_BOOL_CONVERSION = YES;
				CLANG_WARN_COMMA = YES;
				CLANG_WARN_CONSTANT_CONVERSION = YES;
				CLANG_WARN_DEPRECATED_OBJC_IMPLEMENTATIONS = YES;
				CLANG_WARN_DIRECT_OBJC_ISA_USAGE = YES_ERROR;
				CLANG_WARN_DOCUMENTATION_COMMENTS = YES;
				CLANG_WARN_EMPTY_BODY = YES;
				CLANG_WARN_ENUM_CONVERSION = YES;
				CLANG_WARN_INFINITE_RECURSION = YES;
				CLANG_WARN_INT_CONVERSION = YES;
				CLANG_WARN_NON_LITERAL_NULL_CONVERSION = YES;
				CLANG_WARN_OBJC_IMPLICIT_RETAIN_SELF = YES;
				CLANG_WARN_OBJC_LITERAL_CONVERSION = YES;
				CLANG_WARN_OBJC_ROOT_CLASS = YES_ERROR;
				CLANG_WARN_QUOTED_INCLUDE_IN_FRAMEWORK_HEADER = YES;
				CLANG_WARN_RANGE_LOOP_ANALYSIS = YES;
				CLANG_WARN_STRICT_PROTOTYPES = YES;
				CLANG_WARN_SUSPICIOUS_MOVE = YES;
				CLANG_WARN_UNGUARDED_AVAILABILITY = YES_AGGRESSIVE;
				CLANG_WARN_UNREACHABLE_CODE = YES;
				CLANG_WARN__DUPLICATE_METHOD_MATCH = YES;
				COPY_PHASE_STRIP = NO;
				DEBUG_INFORMATION_FORMAT = dwarf;
				ENABLE_STRICT_OBJC_MSGSEND = YES;
				ENABLE_TESTABILITY = YES;
				GCC_C_LANGUAGE_STANDARD = gnu11;
				GCC_DYNAMIC_NO_PIC = NO;
				GCC_NO_COMMON_BLOCKS = YES;
				GCC_OPTIMIZATION_LEVEL = 0;
				GCC_PREPROCESSOR_DEFINITIONS = (
					"DEBUG=1",
					"$(inherited)",
				);
				GCC_WARN_64_TO_32_BIT_CONVERSION = YES;
				GCC_WARN_ABOUT_RETURN_TYPE = YES_ERROR;
				GCC_WARN_UNDECLARED_SELECTOR = YES;
				GCC_WARN_UNINITIALIZED_AUTOS = YES_AGGRESSIVE;
				GCC_WARN_UNUSED_FUNCTION = YES;
				GCC_WARN_UNUSED_VARIABLE = YES;
				IPHONEOS_DEPLOYMENT_TARGET = 15.4;
				MTL_ENABLE_DEBUG_INFO = INCLUDE_SOURCE;
				MTL_FAST_MATH = YES;
				ONLY_ACTIVE_ARCH = YES;
				SDKROOT = iphoneos;
				SWIFT_ACTIVE_COMPILATION_CONDITIONS = DEBUG;
				SWIFT_OPTIMIZATION_LEVEL = "-Onone";
			};
			name = Debug;
		};
		696974822AE34CEE0096CE65 /* Release */ = {
			isa = XCBuildConfiguration;
			buildSettings = {
				ALWAYS_SEARCH_USER_PATHS = NO;
				CLANG_ANALYZER_NONNULL = YES;
				CLANG_ANALYZER_NUMBER_OBJECT_CONVERSION = YES_AGGRESSIVE;
				CLANG_CXX_LANGUAGE_STANDARD = "gnu++17";
				CLANG_ENABLE_MODULES = YES;
				CLANG_ENABLE_OBJC_ARC = YES;
				CLANG_ENABLE_OBJC_WEAK = YES;
				CLANG_WARN_BLOCK_CAPTURE_AUTORELEASING = YES;
				CLANG_WARN_BOOL_CONVERSION = YES;
				CLANG_WARN_COMMA = YES;
				CLANG_WARN_CONSTANT_CONVERSION = YES;
				CLANG_WARN_DEPRECATED_OBJC_IMPLEMENTATIONS = YES;
				CLANG_WARN_DIRECT_OBJC_ISA_USAGE = YES_ERROR;
				CLANG_WARN_DOCUMENTATION_COMMENTS = YES;
				CLANG_WARN_EMPTY_BODY = YES;
				CLANG_WARN_ENUM_CONVERSION = YES;
				CLANG_WARN_INFINITE_RECURSION = YES;
				CLANG_WARN_INT_CONVERSION = YES;
				CLANG_WARN_NON_LITERAL_NULL_CONVERSION = YES;
				CLANG_WARN_OBJC_IMPLICIT_RETAIN_SELF = YES;
				CLANG_WARN_OBJC_LITERAL_CONVERSION = YES;
				CLANG_WARN_OBJC_ROOT_CLASS = YES_ERROR;
				CLANG_WARN_QUOTED_INCLUDE_IN_FRAMEWORK_HEADER = YES;
				CLANG_WARN_RANGE_LOOP_ANALYSIS = YES;
				CLANG_WARN_STRICT_PROTOTYPES = YES;
				CLANG_WARN_SUSPICIOUS_MOVE = YES;
				CLANG_WARN_UNGUARDED_AVAILABILITY = YES_AGGRESSIVE;
				CLANG_WARN_UNREACHABLE_CODE = YES;
				CLANG_WARN__DUPLICATE_METHOD_MATCH = YES;
				COPY_PHASE_STRIP = NO;
				DEBUG_INFORMATION_FORMAT = "dwarf-with-dsym";
				ENABLE_NS_ASSERTIONS = NO;
				ENABLE_STRICT_OBJC_MSGSEND = YES;
				GCC_C_LANGUAGE_STANDARD = gnu11;
				GCC_NO_COMMON_BLOCKS = YES;
				GCC_WARN_64_TO_32_BIT_CONVERSION = YES;
				GCC_WARN_ABOUT_RETURN_TYPE = YES_ERROR;
				GCC_WARN_UNDECLARED_SELECTOR = YES;
				GCC_WARN_UNINITIALIZED_AUTOS = YES_AGGRESSIVE;
				GCC_WARN_UNUSED_FUNCTION = YES;
				GCC_WARN_UNUSED_VARIABLE = YES;
				IPHONEOS_DEPLOYMENT_TARGET = 15.4;
				MTL_ENABLE_DEBUG_INFO = NO;
				MTL_FAST_MATH = YES;
				SDKROOT = iphoneos;
				SWIFT_COMPILATION_MODE = wholemodule;
				SWIFT_OPTIMIZATION_LEVEL = "-O";
				VALIDATE_PRODUCT = YES;
			};
			name = Release;
		};
		696974842AE34CEE0096CE65 /* Debug */ = {
			isa = XCBuildConfiguration;
			buildSettings = {
				ASSETCATALOG_COMPILER_APPICON_NAME = AppIcon;
				ASSETCATALOG_COMPILER_GLOBAL_ACCENT_COLOR_NAME = AccentColor;
				CODE_SIGN_STYLE = Automatic;
				CURRENT_PROJECT_VERSION = 1;
				DEVELOPMENT_ASSET_PATHS = "\"4- RecipeApp/Preview Content\"";
				DEVELOPMENT_TEAM = XV2X26M98W;
				ENABLE_PREVIEWS = YES;
				GENERATE_INFOPLIST_FILE = YES;
				INFOPLIST_KEY_UIApplicationSceneManifest_Generation = YES;
				INFOPLIST_KEY_UIApplicationSupportsIndirectInputEvents = YES;
				INFOPLIST_KEY_UILaunchScreen_Generation = YES;
				INFOPLIST_KEY_UISupportedInterfaceOrientations_iPad = "UIInterfaceOrientationPortrait UIInterfaceOrientationPortraitUpsideDown UIInterfaceOrientationLandscapeLeft UIInterfaceOrientationLandscapeRight";
				INFOPLIST_KEY_UISupportedInterfaceOrientations_iPhone = "UIInterfaceOrientationPortrait UIInterfaceOrientationLandscapeLeft UIInterfaceOrientationLandscapeRight";
				LD_RUNPATH_SEARCH_PATHS = (
					"$(inherited)",
					"@executable_path/Frameworks",
				);
				MARKETING_VERSION = 1.0;
				PRODUCT_BUNDLE_IDENTIFIER = "comyorgidelrio.---RecipeApp";
				PRODUCT_NAME = "$(TARGET_NAME)";
				SWIFT_EMIT_LOC_STRINGS = YES;
				SWIFT_VERSION = 5.0;
				TARGETED_DEVICE_FAMILY = "1,2";
			};
			name = Debug;
		};
		696974852AE34CEE0096CE65 /* Release */ = {
			isa = XCBuildConfiguration;
			buildSettings = {
				ASSETCATALOG_COMPILER_APPICON_NAME = AppIcon;
				ASSETCATALOG_COMPILER_GLOBAL_ACCENT_COLOR_NAME = AccentColor;
				CODE_SIGN_STYLE = Automatic;
				CURRENT_PROJECT_VERSION = 1;
				DEVELOPMENT_ASSET_PATHS = "\"4- RecipeApp/Preview Content\"";
				DEVELOPMENT_TEAM = XV2X26M98W;
				ENABLE_PREVIEWS = YES;
				GENERATE_INFOPLIST_FILE = YES;
				INFOPLIST_KEY_UIApplicationSceneManifest_Generation = YES;
				INFOPLIST_KEY_UIApplicationSupportsIndirectInputEvents = YES;
				INFOPLIST_KEY_UILaunchScreen_Generation = YES;
				INFOPLIST_KEY_UISupportedInterfaceOrientations_iPad = "UIInterfaceOrientationPortrait UIInterfaceOrientationPortraitUpsideDown UIInterfaceOrientationLandscapeLeft UIInterfaceOrientationLandscapeRight";
				INFOPLIST_KEY_UISupportedInterfaceOrientations_iPhone = "UIInterfaceOrientationPortrait UIInterfaceOrientationLandscapeLeft UIInterfaceOrientationLandscapeRight";
				LD_RUNPATH_SEARCH_PATHS = (
					"$(inherited)",
					"@executable_path/Frameworks",
				);
				MARKETING_VERSION = 1.0;
				PRODUCT_BUNDLE_IDENTIFIER = "comyorgidelrio.---RecipeApp";
				PRODUCT_NAME = "$(TARGET_NAME)";
				SWIFT_EMIT_LOC_STRINGS = YES;
				SWIFT_VERSION = 5.0;
				TARGETED_DEVICE_FAMILY = "1,2";
			};
			name = Release;
		};
		696974872AE34CEE0096CE65 /* Debug */ = {
			isa = XCBuildConfiguration;
			buildSettings = {
				ALWAYS_EMBED_SWIFT_STANDARD_LIBRARIES = YES;
				BUNDLE_LOADER = "$(TEST_HOST)";
				CODE_SIGN_STYLE = Automatic;
				CURRENT_PROJECT_VERSION = 1;
				DEVELOPMENT_TEAM = XV2X26M98W;
				GENERATE_INFOPLIST_FILE = YES;
				IPHONEOS_DEPLOYMENT_TARGET = 15.4;
				MARKETING_VERSION = 1.0;
				PRODUCT_BUNDLE_IDENTIFIER = "comyorgidelrio.---RecipeAppTests";
				PRODUCT_NAME = "$(TARGET_NAME)";
				SWIFT_EMIT_LOC_STRINGS = NO;
				SWIFT_VERSION = 5.0;
				TARGETED_DEVICE_FAMILY = "1,2";
				TEST_HOST = "$(BUILT_PRODUCTS_DIR)/4- RecipeApp.app/4- RecipeApp";
			};
			name = Debug;
		};
		696974882AE34CEE0096CE65 /* Release */ = {
			isa = XCBuildConfiguration;
			buildSettings = {
				ALWAYS_EMBED_SWIFT_STANDARD_LIBRARIES = YES;
				BUNDLE_LOADER = "$(TEST_HOST)";
				CODE_SIGN_STYLE = Automatic;
				CURRENT_PROJECT_VERSION = 1;
				DEVELOPMENT_TEAM = XV2X26M98W;
				GENERATE_INFOPLIST_FILE = YES;
				IPHONEOS_DEPLOYMENT_TARGET = 15.4;
				MARKETING_VERSION = 1.0;
				PRODUCT_BUNDLE_IDENTIFIER = "comyorgidelrio.---RecipeAppTests";
				PRODUCT_NAME = "$(TARGET_NAME)";
				SWIFT_EMIT_LOC_STRINGS = NO;
				SWIFT_VERSION = 5.0;
				TARGETED_DEVICE_FAMILY = "1,2";
				TEST_HOST = "$(BUILT_PRODUCTS_DIR)/4- RecipeApp.app/4- RecipeApp";
			};
			name = Release;
		};
		6969748A2AE34CEE0096CE65 /* Debug */ = {
			isa = XCBuildConfiguration;
			buildSettings = {
				ALWAYS_EMBED_SWIFT_STANDARD_LIBRARIES = YES;
				CODE_SIGN_STYLE = Automatic;
				CURRENT_PROJECT_VERSION = 1;
				DEVELOPMENT_TEAM = XV2X26M98W;
				GENERATE_INFOPLIST_FILE = YES;
				MARKETING_VERSION = 1.0;
				PRODUCT_BUNDLE_IDENTIFIER = "comyorgidelrio.---RecipeAppUITests";
				PRODUCT_NAME = "$(TARGET_NAME)";
				SWIFT_EMIT_LOC_STRINGS = NO;
				SWIFT_VERSION = 5.0;
				TARGETED_DEVICE_FAMILY = "1,2";
				TEST_TARGET_NAME = "4- RecipeApp";
			};
			name = Debug;
		};
		6969748B2AE34CEE0096CE65 /* Release */ = {
			isa = XCBuildConfiguration;
			buildSettings = {
				ALWAYS_EMBED_SWIFT_STANDARD_LIBRARIES = YES;
				CODE_SIGN_STYLE = Automatic;
				CURRENT_PROJECT_VERSION = 1;
				DEVELOPMENT_TEAM = XV2X26M98W;
				GENERATE_INFOPLIST_FILE = YES;
				MARKETING_VERSION = 1.0;
				PRODUCT_BUNDLE_IDENTIFIER = "comyorgidelrio.---RecipeAppUITests";
				PRODUCT_NAME = "$(TARGET_NAME)";
				SWIFT_EMIT_LOC_STRINGS = NO;
				SWIFT_VERSION = 5.0;
				TARGETED_DEVICE_FAMILY = "1,2";
				TEST_TARGET_NAME = "4- RecipeApp";
			};
			name = Release;
		};
/* End XCBuildConfiguration section */

/* Begin XCConfigurationList section */
		6969745A2AE34CEA0096CE65 /* Build configuration list for PBXProject "4- RecipeApp" */ = {
			isa = XCConfigurationList;
			buildConfigurations = (
				696974812AE34CEE0096CE65 /* Debug */,
				696974822AE34CEE0096CE65 /* Release */,
			);
			defaultConfigurationIsVisible = 0;
			defaultConfigurationName = Release;
		};
		696974832AE34CEE0096CE65 /* Build configuration list for PBXNativeTarget "4- RecipeApp" */ = {
			isa = XCConfigurationList;
			buildConfigurations = (
				696974842AE34CEE0096CE65 /* Debug */,
				696974852AE34CEE0096CE65 /* Release */,
			);
			defaultConfigurationIsVisible = 0;
			defaultConfigurationName = Release;
		};
		696974862AE34CEE0096CE65 /* Build configuration list for PBXNativeTarget "4- RecipeAppTests" */ = {
			isa = XCConfigurationList;
			buildConfigurations = (
				696974872AE34CEE0096CE65 /* Debug */,
				696974882AE34CEE0096CE65 /* Release */,
			);
			defaultConfigurationIsVisible = 0;
			defaultConfigurationName = Release;
		};
		696974892AE34CEE0096CE65 /* Build configuration list for PBXNativeTarget "4- RecipeAppUITests" */ = {
			isa = XCConfigurationList;
			buildConfigurations = (
				6969748A2AE34CEE0096CE65 /* Debug */,
				6969748B2AE34CEE0096CE65 /* Release */,
			);
			defaultConfigurationIsVisible = 0;
			defaultConfigurationName = Release;
		};
/* End XCConfigurationList section */
	};
	rootObject = 696974572AE34CEA0096CE65 /* Project object */;
}
